# This file is automatically @generated by Cargo.
# It is not intended for manual editing.
[[package]]
name = "ansi_term"
version = "0.11.0"
source = "registry+https://github.com/rust-lang/crates.io-index"
checksum = "ee49baf6cb617b853aa8d93bf420db2383fab46d314482ca2803b40d5fde979b"
dependencies = [
 "winapi 0.3.9",
]

[[package]]
name = "atty"
version = "0.2.14"
source = "registry+https://github.com/rust-lang/crates.io-index"
checksum = "d9b39be18770d11421cdb1b9947a45dd3f37e93092cbf377614828a319d5fee8"
dependencies = [
 "hermit-abi",
 "libc",
 "winapi 0.3.9",
]

[[package]]
name = "bitflags"
version = "1.2.1"
source = "registry+https://github.com/rust-lang/crates.io-index"
checksum = "cf1de2fe8c75bc145a2f577add951f8134889b4795d47466a54a5c846d691693"

[[package]]
name = "build_const"
version = "0.2.1"
source = "registry+https://github.com/rust-lang/crates.io-index"
checksum = "39092a32794787acd8525ee150305ff051b0aa6cc2abaf193924f5ab05425f39"

[[package]]
name = "bytecodec"
version = "0.4.13"
source = "registry+https://github.com/rust-lang/crates.io-index"
checksum = "b16ea882cfbd9aa6e8f999fed22662f4c8c0853d1d231edec276e0e1f5a802e7"
dependencies = [
 "byteorder",
 "trackable",
]

[[package]]
name = "byteorder"
version = "1.3.4"
source = "registry+https://github.com/rust-lang/crates.io-index"
checksum = "08c48aae112d48ed9f069b33538ea9e3e90aa263cfa3d1c24309612b1f7472de"

[[package]]
name = "cfg-if"
version = "0.1.10"
source = "registry+https://github.com/rust-lang/crates.io-index"
checksum = "4785bdd1c96b2a846b2bd7cc02e86b6b3dbf14e7e53446c4f54c92a361040822"

[[package]]
name = "clap"
version = "2.33.1"
source = "registry+https://github.com/rust-lang/crates.io-index"
checksum = "bdfa80d47f954d53a35a64987ca1422f495b8d6483c0fe9f7117b36c2a792129"
dependencies = [
 "ansi_term",
 "atty",
 "bitflags",
 "strsim",
 "textwrap",
 "unicode-width",
 "vec_map",
]

[[package]]
name = "cloudabi"
version = "0.0.3"
source = "registry+https://github.com/rust-lang/crates.io-index"
checksum = "ddfc5b9aa5d4507acaf872de71051dfd0e309860e88966e1051e462a077aac4f"
dependencies = [
 "bitflags",
]

[[package]]
name = "crc"
version = "1.8.1"
source = "registry+https://github.com/rust-lang/crates.io-index"
checksum = "d663548de7f5cca343f1e0a48d14dcfb0e9eb4e079ec58883b7251539fa10aeb"
dependencies = [
 "build_const",
]

[[package]]
name = "factory"
version = "0.1.2"
source = "registry+https://github.com/rust-lang/crates.io-index"
checksum = "73a3579e5ac964dd11bed8ba3932ee51b48ce652ee12e49c61a78a268bbc9b2c"

[[package]]
name = "fibers"
version = "0.1.13"
source = "registry+https://github.com/rust-lang/crates.io-index"
checksum = "cce97d737d7eda3d2e8a907892b4c4fdd3857cb6f18b58047645011c5a0b46e7"
dependencies = [
 "futures",
 "mio",
 "nbchan",
 "num_cpus",
 "splay_tree",
]

[[package]]
name = "fibers_timeout_queue"
version = "0.1.0"
source = "registry+https://github.com/rust-lang/crates.io-index"
checksum = "0c85506fc056f4a888012875c8a7e98b01afe4cfee930660f672c8cda159592c"
dependencies = [
 "fibers",
 "futures",
]

[[package]]
name = "fibers_transport"
version = "0.1.2"
source = "registry+https://github.com/rust-lang/crates.io-index"
checksum = "74e1d8f4abfa0e4b6b053bbee81d57510b68918c4d6e8c2e7c97bb4db94e6da7"
dependencies = [
 "bytecodec",
 "factory",
 "fibers",
 "futures",
 "trackable",
]

[[package]]
name = "fuchsia-cprng"
version = "0.1.1"
source = "registry+https://github.com/rust-lang/crates.io-index"
checksum = "a06f77d526c1a601b7c4cdd98f54b5eaabffc14d5f2f0296febdc7f357c6d3ba"

[[package]]
name = "fuchsia-zircon"
version = "0.3.3"
source = "registry+https://github.com/rust-lang/crates.io-index"
checksum = "2e9763c69ebaae630ba35f74888db465e49e259ba1bc0eda7d06f4a067615d82"
dependencies = [
 "bitflags",
 "fuchsia-zircon-sys",
]

[[package]]
name = "fuchsia-zircon-sys"
version = "0.3.3"
source = "registry+https://github.com/rust-lang/crates.io-index"
checksum = "3dcaa9ae7725d12cdb85b3ad99a434db70b468c09ded17e012d86b5c1010f7a7"

[[package]]
name = "futures"
version = "0.1.29"
source = "registry+https://github.com/rust-lang/crates.io-index"
checksum = "1b980f2816d6ee8673b6517b52cb0e808a180efc92e5c19d02cdda79066703ef"

[[package]]
name = "hermit-abi"
version = "0.1.15"
source = "registry+https://github.com/rust-lang/crates.io-index"
checksum = "3deed196b6e7f9e44a2ae8d94225d80302d81208b1bb673fd21fe634645c85a9"
dependencies = [
 "libc",
]

[[package]]
name = "hmac-sha1"
version = "0.1.3"
source = "registry+https://github.com/rust-lang/crates.io-index"
checksum = "e1333fad8d94b82cab989da428b0b36a3435db3870d85e971a1d6dc0a8576722"
dependencies = [
 "sha1",
]

[[package]]
name = "iovec"
version = "0.1.4"
source = "registry+https://github.com/rust-lang/crates.io-index"
checksum = "b2b3ea6ff95e175473f8ffe6a7eb7c00d054240321b84c57051175fe3c1e075e"
dependencies = [
 "libc",
]

[[package]]
name = "kernel32-sys"
version = "0.2.2"
source = "registry+https://github.com/rust-lang/crates.io-index"
checksum = "7507624b29483431c0ba2d82aece8ca6cdba9382bff4ddd0f7490560c056098d"
dependencies = [
 "winapi 0.2.8",
 "winapi-build",
]

[[package]]
name = "libc"
version = "0.2.72"
source = "registry+https://github.com/rust-lang/crates.io-index"
checksum = "a9f8082297d534141b30c8d39e9b1773713ab50fdbe4ff30f750d063b3bfd701"

[[package]]
name = "log"
version = "0.4.11"
source = "registry+https://github.com/rust-lang/crates.io-index"
checksum = "4fabed175da42fed1fa0746b0ea71f412aa9d35e76e95e59b192c64b9dc2bf8b"
dependencies = [
 "cfg-if",
]

[[package]]
name = "md5"
version = "0.6.1"
source = "registry+https://github.com/rust-lang/crates.io-index"
checksum = "7e6bcd6433cff03a4bfc3d9834d504467db1f1cf6d0ea765d37d330249ed629d"

[[package]]
name = "mio"
version = "0.6.22"
source = "registry+https://github.com/rust-lang/crates.io-index"
checksum = "fce347092656428bc8eaf6201042cb551b8d67855af7374542a92a0fbfcac430"
dependencies = [
 "cfg-if",
 "fuchsia-zircon",
 "fuchsia-zircon-sys",
 "iovec",
 "kernel32-sys",
 "libc",
 "log",
 "miow",
 "net2",
 "slab",
 "winapi 0.2.8",
]

[[package]]
name = "miow"
version = "0.2.1"
source = "registry+https://github.com/rust-lang/crates.io-index"
checksum = "8c1f2f3b1cf331de6896aabf6e9d55dca90356cc9960cca7eaaf408a355ae919"
dependencies = [
 "kernel32-sys",
 "net2",
 "winapi 0.2.8",
 "ws2_32-sys",
]

[[package]]
name = "nbchan"
version = "0.1.3"
source = "registry+https://github.com/rust-lang/crates.io-index"
checksum = "72b1d61edb4e941c69f2a74782b3dc4a388adeab2d8cc1fe29e8ef8d2a7f9760"

[[package]]
name = "net2"
version = "0.2.34"
source = "registry+https://github.com/rust-lang/crates.io-index"
checksum = "2ba7c918ac76704fb42afcbbb43891e72731f3dcca3bef2a19786297baf14af7"
dependencies = [
 "cfg-if",
 "libc",
 "winapi 0.3.9",
]

[[package]]
name = "num_cpus"
version = "1.13.0"
source = "registry+https://github.com/rust-lang/crates.io-index"
checksum = "05499f3756671c15885fee9034446956fff3f243d6077b91e5767df161f766b3"
dependencies = [
 "hermit-abi",
 "libc",
]

[[package]]
name = "proc-macro2"
version = "1.0.18"
source = "registry+https://github.com/rust-lang/crates.io-index"
checksum = "beae6331a816b1f65d04c45b078fd8e6c93e8071771f41b8163255bbd8d7c8fa"
dependencies = [
 "unicode-xid",
]

[[package]]
name = "quote"
version = "1.0.7"
source = "registry+https://github.com/rust-lang/crates.io-index"
checksum = "aa563d17ecb180e500da1cfd2b028310ac758de548efdd203e18f283af693f37"
dependencies = [
 "proc-macro2",
]

[[package]]
name = "rand"
version = "0.5.6"
source = "registry+https://github.com/rust-lang/crates.io-index"
checksum = "c618c47cd3ebd209790115ab837de41425723956ad3ce2e6a7f09890947cacb9"
dependencies = [
 "cloudabi",
 "fuchsia-cprng",
 "libc",
 "rand_core 0.3.1",
 "winapi 0.3.9",
]

[[package]]
name = "rand_core"
version = "0.3.1"
source = "registry+https://github.com/rust-lang/crates.io-index"
checksum = "7a6fdeb83b075e8266dcc8762c22776f6877a63111121f5f8c7411e5be7eed4b"
dependencies = [
 "rand_core 0.4.2",
]

[[package]]
name = "rand_core"
version = "0.4.2"
source = "registry+https://github.com/rust-lang/crates.io-index"
checksum = "9c33a3c44ca05fa6f1807d8e6743f3824e8509beca625669633be0acbdf509dc"

[[package]]
name = "rustun"
version = "0.3.5"
source = "registry+https://github.com/rust-lang/crates.io-index"
checksum = "8ac3efa78b7be165cdc2a0c85d870d32ec86b4a30b1fd27be89c73961a2b62c8"
dependencies = [
 "bytecodec",
 "factory",
 "fibers",
 "fibers_timeout_queue",
 "fibers_transport",
 "futures",
 "rand",
 "stun_codec",
 "trackable",
]

[[package]]
name = "sha1"
version = "0.2.0"
source = "registry+https://github.com/rust-lang/crates.io-index"
checksum = "cc30b1e1e8c40c121ca33b86c23308a090d19974ef001b4bf6e61fd1a0fb095c"

[[package]]
name = "slab"
version = "0.4.2"
source = "registry+https://github.com/rust-lang/crates.io-index"
checksum = "c111b5bd5695e56cffe5129854aa230b39c93a305372fdbb2668ca2394eea9f8"

[[package]]
name = "socks"
version = "0.3.2"
source = "registry+https://github.com/rust-lang/crates.io-index"
checksum = "e6a64cfa9346d26e836a49fcc1ddfcb4d3df666b6787b6864db61d4918e1cbc2"
dependencies = [
 "byteorder",
 "libc",
 "winapi 0.2.8",
 "ws2_32-sys",
]

[[package]]
name = "splay_tree"
version = "0.2.10"
source = "registry+https://github.com/rust-lang/crates.io-index"
checksum = "309dee0d93c0a8f7a852cbd9a86e01e1a94781b64d98d86a191f4af7f095ecc1"

[[package]]
name = "strsim"
version = "0.8.0"
source = "registry+https://github.com/rust-lang/crates.io-index"
checksum = "8ea5119cdb4c55b55d432abb513a0429384878c15dde60cc77b1c99de1a95a6a"

[[package]]
name = "stun_codec"
version = "0.1.12"
source = "registry+https://github.com/rust-lang/crates.io-index"
checksum = "42427284b2b2558276b470713e293be145d466017286624af8553a32140aeccc"
dependencies = [
 "bytecodec",
 "byteorder",
 "crc",
 "hmac-sha1",
 "md5",
 "trackable",
]

[[package]]
name = "stunxy"
version = "0.1.0"
dependencies = [
 "clap",
 "rustun",
 "socks",
]

[[package]]
name = "syn"
version = "1.0.34"
source = "registry+https://github.com/rust-lang/crates.io-index"
checksum = "936cae2873c940d92e697597c5eee105fb570cd5689c695806f672883653349b"
dependencies = [
 "proc-macro2",
 "quote",
 "unicode-xid",
]

[[package]]
name = "textwrap"
version = "0.11.0"
source = "registry+https://github.com/rust-lang/crates.io-index"
checksum = "d326610f408c7a4eb6f51c37c330e496b08506c9457c9d34287ecc38809fb060"
dependencies = [
 "unicode-width",
]

[[package]]
name = "trackable"
version = "0.2.23"
source = "registry+https://github.com/rust-lang/crates.io-index"
checksum = "11475c3c53b075360eac9794965822cb053996046545f91cf61d90e00b72efa5"
dependencies = [
 "trackable_derive",
]

[[package]]
name = "trackable_derive"
version = "0.1.3"
source = "registry+https://github.com/rust-lang/crates.io-index"
checksum = "edcf0b9b2caa5f4804ef77aeee1b929629853d806117c48258f402b69737e65c"
dependencies = [
 "quote",
 "syn",
]

[[package]]
name = "unicode-width"
version = "0.1.8"
source = "registry+https://github.com/rust-lang/crates.io-index"
checksum = "9337591893a19b88d8d87f2cec1e73fad5cdfd10e5a6f349f498ad6ea2ffb1e3"

[[package]]
name = "unicode-xid"
version = "0.2.1"
source = "registry+https://github.com/rust-lang/crates.io-index"
checksum = "f7fe0bb3479651439c9112f72b6c505038574c9fbb575ed1bf3b797fa39dd564"

[[package]]
name = "vec_map"
version = "0.8.2"
source = "registry+https://github.com/rust-lang/crates.io-index"
checksum = "f1bddf1187be692e79c5ffeab891132dfb0f236ed36a43c7ed39f1165ee20191"

[[package]]
name = "winapi"
version = "0.2.8"
source = "registry+https://github.com/rust-lang/crates.io-index"
checksum = "167dc9d6949a9b857f3451275e911c3f44255842c1f7a76f33c55103a909087a"

[[package]]
name = "winapi"
version = "0.3.9"
source = "registry+https://github.com/rust-lang/crates.io-index"
checksum = "5c839a674fcd7a98952e593242ea400abe93992746761e38641405d28b00f419"
dependencies = [
 "winapi-i686-pc-windows-gnu",
 "winapi-x86_64-pc-windows-gnu",
]

[[package]]
name = "winapi-build"
version = "0.1.1"
source = "registry+https://github.com/rust-lang/crates.io-index"
checksum = "2d315eee3b34aca4797b2da6b13ed88266e6d612562a0c46390af8299fc699bc"

[[package]]
name = "winapi-i686-pc-windows-gnu"
version = "0.4.0"
source = "registry+https://github.com/rust-lang/crates.io-index"
checksum = "ac3b87c63620426dd9b991e5ce0329eff545bccbbb34f3be09ff6fb6ab51b7b6"

[[package]]
name = "winapi-x86_64-pc-windows-gnu"
version = "0.4.0"
source = "registry+https://github.com/rust-lang/crates.io-index"
checksum = "712e227841d057c1ee1cd2fb22fa7e5a5461ae8e48fa2ca79ec42cfc1931183f"

[[package]]
name = "ws2_32-sys"
version = "0.2.1"
source = "registry+https://github.com/rust-lang/crates.io-index"
checksum = "d59cefebd0c892fa2dd6de581e937301d8552cb44489cdff035c6187cb63fa5e"
dependencies = [
 "winapi 0.2.8",
 "winapi-build",
]
